{
  "name": "dsh-text-workbench-assistant",
  "version": "0.1.0",
  "lockfileVersion": 3,
  "requires": true,
  "packages": {
    "": {
      "name": "dsh-text-workbench-assistant",
      "version": "0.1.0",
      "license": "MIT",
      "engines": {
        "node": "^22.19.0 || >=24.0.0"
      },
      "peerDependencies": {
        "@deepseek-ai/dsh": "0.1.1-rc.2",
        "dsh-workbench-core": "^0.1.0"
      },
      "peerDependenciesMeta": {
        "@deepseek-ai/dsh": {
          "optional": true
        },
        "dsh-workbench-core": {
          "optional": true
        }
      }
    }
  }
}
